
Microsoft Visual Studio Solution File, Format Version 12.00
# Visual Studio Version 17
VisualStudioVersion = 17.4.33205.214
MinimumVisualStudioVersion = 10.0.40219.1
Project("{FAE04EC0-301F-11D3-BF4B-00C04F79EFBC}") = "StudentForm1", "StudentForm1\StudentForm1.csproj", "{EC3F3BA1-2E67-436C-9A6C-F770C420360B}"
EndProject
Global
	GlobalSection(SolutionConfigurationPlatforms) = preSolution
		Debug|Any CPU = Debug|Any CPU
		Release|Any CPU = Release|Any CPU
	EndGlobalSection
	GlobalSection(ProjectConfigurationPlatforms) = postSolution
		{EC3F3BA1-2E67-436C-9A6C-F770C420360B}.Debug|Any CPU.ActiveCfg = Debug|Any CPU
		{EC3F3BA1-2E67-436C-9A6C-F770C420360B}.Debug|Any CPU.Build.0 = Debug|Any CPU
		{EC3F3BA1-2E67-436C-9A6C-F770C420360B}.Debug|Any CPU.Deploy.0 = Debug|Any CPU
		{EC3F3BA1-2E67-436C-9A6C-F770C420360B}.Release|Any CPU.ActiveCfg = Release|Any CPU
		{EC3F3BA1-2E67-436C-9A6C-F770C420360B}.Release|Any CPU.Build.0 = Release|Any CPU
		{EC3F3BA1-2E67-436C-9A6C-F770C420360B}.Release|Any CPU.Deploy.0 = Release|Any CPU
	EndGlobalSection
	GlobalSection(SolutionProperties) = preSolution
		HideSolutionNode = FALSE
	EndGlobalSection
	GlobalSection(ExtensibilityGlobals) = postSolution
		SolutionGuid = {4CE255C2-A1DD-4F79-B969-702CA9E8CD2F}
	EndGlobalSection
EndGlobal
